
Microsoft Visual Studio Solution File, Format Version 12.00
# Visual Studio Version 16
VisualStudioVersion = 16.0.30114.105
MinimumVisualStudioVersion = 10.0.40219.1
Project("{FAE04EC0-301F-11D3-BF4B-00C04F79EFBC}") = "RutLib", "RutLib\RutLib.csproj", "{D25207C0-0D91-4048-AEB9-724AF0C7DDB4}"
EndProject
Project("{FAE04EC0-301F-11D3-BF4B-00C04F79EFBC}") = "Calculador", "Calculador\Calculador.csproj", "{299ED158-384A-46F1-81B6-8B764C759486}"
EndProject
Project("{FAE04EC0-301F-11D3-BF4B-00C04F79EFBC}") = "RutLib.Tests", "RutLib.Tests\RutLib.Tests.csproj", "{903426DD-F673-40FE-81BF-127D0AEBA906}"
EndProject
Global
	GlobalSection(SolutionConfigurationPlatforms) = preSolution
		Debug|Any CPU = Debug|Any CPU
		Debug|x64 = Debug|x64
		Debug|x86 = Debug|x86
		Release|Any CPU = Release|Any CPU
		Release|x64 = Release|x64
		Release|x86 = Release|x86
	EndGlobalSection
	GlobalSection(SolutionProperties) = preSolution
		HideSolutionNode = FALSE
	EndGlobalSection
	GlobalSection(ProjectConfigurationPlatforms) = postSolution
		{D25207C0-0D91-4048-AEB9-724AF0C7DDB4}.Debug|Any CPU.ActiveCfg = Debug|Any CPU
		{D25207C0-0D91-4048-AEB9-724AF0C7DDB4}.Debug|Any CPU.Build.0 = Debug|Any CPU
		{D25207C0-0D91-4048-AEB9-724AF0C7DDB4}.Debug|x64.ActiveCfg = Debug|Any CPU
		{D25207C0-0D91-4048-AEB9-724AF0C7DDB4}.Debug|x64.Build.0 = Debug|Any CPU
		{D25207C0-0D91-4048-AEB9-724AF0C7DDB4}.Debug|x86.ActiveCfg = Debug|Any CPU
		{D25207C0-0D91-4048-AEB9-724AF0C7DDB4}.Debug|x86.Build.0 = Debug|Any CPU
		{D25207C0-0D91-4048-AEB9-724AF0C7DDB4}.Release|Any CPU.ActiveCfg = Release|Any CPU
		{D25207C0-0D91-4048-AEB9-724AF0C7DDB4}.Release|Any CPU.Build.0 = Release|Any CPU
		{D25207C0-0D91-4048-AEB9-724AF0C7DDB4}.Release|x64.ActiveCfg = Release|Any CPU
		{D25207C0-0D91-4048-AEB9-724AF0C7DDB4}.Release|x64.Build.0 = Release|Any CPU
		{D25207C0-0D91-4048-AEB9-724AF0C7DDB4}.Release|x86.ActiveCfg = Release|Any CPU
		{D25207C0-0D91-4048-AEB9-724AF0C7DDB4}.Release|x86.Build.0 = Release|Any CPU
		{299ED158-384A-46F1-81B6-8B764C759486}.Debug|Any CPU.ActiveCfg = Debug|Any CPU
		{299ED158-384A-46F1-81B6-8B764C759486}.Debug|Any CPU.Build.0 = Debug|Any CPU
		{299ED158-384A-46F1-81B6-8B764C759486}.Debug|x64.ActiveCfg = Debug|Any CPU
		{299ED158-384A-46F1-81B6-8B764C759486}.Debug|x64.Build.0 = Debug|Any CPU
		{299ED158-384A-46F1-81B6-8B764C759486}.Debug|x86.ActiveCfg = Debug|Any CPU
		{299ED158-384A-46F1-81B6-8B764C759486}.Debug|x86.Build.0 = Debug|Any CPU
		{299ED158-384A-46F1-81B6-8B764C759486}.Release|Any CPU.ActiveCfg = Release|Any CPU
		{299ED158-384A-46F1-81B6-8B764C759486}.Release|Any CPU.Build.0 = Release|Any CPU
		{299ED158-384A-46F1-81B6-8B764C759486}.Release|x64.ActiveCfg = Release|Any CPU
		{299ED158-384A-46F1-81B6-8B764C759486}.Release|x64.Build.0 = Release|Any CPU
		{299ED158-384A-46F1-81B6-8B764C759486}.Release|x86.ActiveCfg = Release|Any CPU
		{299ED158-384A-46F1-81B6-8B764C759486}.Release|x86.Build.0 = Release|Any CPU
		{903426DD-F673-40FE-81BF-127D0AEBA906}.Debug|Any CPU.ActiveCfg = Debug|Any CPU
		{903426DD-F673-40FE-81BF-127D0AEBA906}.Debug|Any CPU.Build.0 = Debug|Any CPU
		{903426DD-F673-40FE-81BF-127D0AEBA906}.Debug|x64.ActiveCfg = Debug|Any CPU
		{903426DD-F673-40FE-81BF-127D0AEBA906}.Debug|x64.Build.0 = Debug|Any CPU
		{903426DD-F673-40FE-81BF-127D0AEBA906}.Debug|x86.ActiveCfg = Debug|Any CPU
		{903426DD-F673-40FE-81BF-127D0AEBA906}.Debug|x86.Build.0 = Debug|Any CPU
		{903426DD-F673-40FE-81BF-127D0AEBA906}.Release|Any CPU.ActiveCfg = Release|Any CPU
		{903426DD-F673-40FE-81BF-127D0AEBA906}.Release|Any CPU.Build.0 = Release|Any CPU
		{903426DD-F673-40FE-81BF-127D0AEBA906}.Release|x64.ActiveCfg = Release|Any CPU
		{903426DD-F673-40FE-81BF-127D0AEBA906}.Release|x64.Build.0 = Release|Any CPU
		{903426DD-F673-40FE-81BF-127D0AEBA906}.Release|x86.ActiveCfg = Release|Any CPU
		{903426DD-F673-40FE-81BF-127D0AEBA906}.Release|x86.Build.0 = Release|Any CPU
	EndGlobalSection
EndGlobal
